
Microsoft Visual Studio Solution File, Format Version 12.00
# Visual Studio 2013
VisualStudioVersion = 12.0.40629.0
MinimumVisualStudioVersion = 10.0.40219.1
Project("{2150E333-8FDC-42A3-9474-1A3956D46DE8}") = "product", "product", "{6EC3B882-4C39-42B7-A8DB-59CDE849CD2D}"
EndProject
Project("{2150E333-8FDC-42A3-9474-1A3956D46DE8}") = "tests", "tests", "{DB2F0277-D3DB-45BA-8B62-944E1B04175B}"
EndProject
Project("{FAE04EC0-301F-11D3-BF4B-00C04F79EFBC}") = "DUnitFramework", "..\..\src\tests\clicache\DUnitFramework\DUnitFramework.csproj", "{796727E8-3A6A-46BE-A2DB-584A4774CD51}"
EndProject
Project("{FAE04EC0-301F-11D3-BF4B-00C04F79EFBC}") = "UnitTests", "..\..\src\tests\clicache\UnitTests\UnitTests.csproj", "{CBD094FB-719C-4CA4-ABE5-08AA26EAE34A}"
	ProjectSection(ProjectDependencies) = postProject
		{10613802-A371-4C27-8F66-CE79BFCAC3F2} = {10613802-A371-4C27-8F66-CE79BFCAC3F2}
	EndProjectSection
EndProject
Project("{FAE04EC0-301F-11D3-BF4B-00C04F79EFBC}") = "FwkClient", "..\..\src\tests\clicache\FwkClient\FwkClient.csproj", "{9EFAA401-B5D1-4592-A2FF-0972C776FF6A}"
EndProject
Project("{FAE04EC0-301F-11D3-BF4B-00C04F79EFBC}") = "FwkLib", "..\..\src\tests\clicache\FwkLib\FwkLib.csproj", "{E01351F3-2E8B-4A28-8D96-C591A7ED10DE}"
EndProject
Project("{FAE04EC0-301F-11D3-BF4B-00C04F79EFBC}") = "FwkDriver", "..\..\src\tests\clicache\FwkDriver\FwkDriver.csproj", "{86DB53F0-AE67-49F8-BABC-3BCC008F9BEA}"
EndProject
Project("{FAE04EC0-301F-11D3-BF4B-00C04F79EFBC}") = "GacInstall", "..\..\vs_projects_10\executables\GacInstall.csproj", "{62BE558C-FDC4-48E3-93DB-15DD0EA695DF}"
EndProject
Project("{8BC9CEB8-8B4A-11D0-8D11-00A0C91BC942}") = "QueryWrapper", "..\..\src\tests\clicache\QueryHelper\QueryWrapper.vcxproj", "{9462282E-A3D8-4192-885C-891E778D9A3F}"
EndProject
Project("{FAE04EC0-301F-11D3-BF4B-00C04F79EFBC}") = "FwkBBClient", "..\..\src\tests\clicache\FwkBBClient\FwkBBClient.csproj", "{1E0FB5D4-5792-4E98-BA2A-FAB7FD26C1B6}"
EndProject
Project("{FAE04EC0-301F-11D3-BF4B-00C04F79EFBC}") = "FwkBBServer", "..\..\src\tests\clicache\FwkBBServer\FwkBBServer.csproj", "{CC86BCBD-04DB-4151-8705-9EB8FB1FCA47}"
EndProject
Project("{FAE04EC0-301F-11D3-BF4B-00C04F79EFBC}") = "SecurityUtil", "..\..\src\tests\clicache\SecurityUtil\SecurityUtil.csproj", "{29CFC13C-1D6C-4FE8-B56E-A5E7BA7F849F}"
EndProject
Project("{8BC9CEB8-8B4A-11D0-8D11-00A0C91BC942}") = "NativeWrapper", "..\..\src\tests\clicache\NativeWrapper\NativeWrapper.vcxproj", "{028E234C-10E7-401F-9A35-0EF3BED05E65}"
EndProject
Project("{8BC9CEB8-8B4A-11D0-8D11-00A0C91BC942}") = "PkcsWrapper", "..\..\src\tests\clicache\PkcsWrapper\PkcsWrapper.vcxproj", "{64BE2358-E700-4909-8665-8B10E2626691}"
EndProject
Project("{FAE04EC0-301F-11D3-BF4B-00C04F79EFBC}") = "NewFwkLib", "..\..\src\tests\clicache\NewFwkLib\NewFwkLib.csproj", "{9D51841C-4400-4BB4-95C9-15A8E6C14B38}"
EndProject
Project("{FAE04EC0-301F-11D3-BF4B-00C04F79EFBC}") = "FwkUtil", "..\..\src\tests\clicache\FwkUtil\FwkUtil.csproj", "{0DDB5AAF-C707-4F65-9000-659A24504D36}"
EndProject
Project("{FAE04EC0-301F-11D3-BF4B-00C04F79EFBC}") = "FwkLauncher", "..\..\src\tests\clicache\FwkLauncher\FwkLauncher.csproj", "{E69BE55D-1BCF-4958-93F0-D1F00C2BA2DE}"
EndProject
Project("{FAE04EC0-301F-11D3-BF4B-00C04F79EFBC}") = "PdxClassLibrary", "..\..\src\tests\clicache\PdxClassLibrary\PdxClassLibrary.csproj", "{10613802-A371-4C27-8F66-CE79BFCAC3F2}"
EndProject
Project("{FAE04EC0-301F-11D3-BF4B-00C04F79EFBC}") = "PdxVersion1Lib", "..\..\src\tests\clicache\PdxVersion1Lib\PdxVersion1Lib.csproj", "{97F9965D-6B3D-44F6-92B3-5880A3C7178E}"
EndProject
Project("{FAE04EC0-301F-11D3-BF4B-00C04F79EFBC}") = "PdxVersion2Lib", "..\..\src\tests\clicache\PdxVersion2Lib\PdxVersion2Lib.csproj", "{5055633B-6D1C-488D-B934-1AC482C915F7}"
EndProject
Project("{FAE04EC0-301F-11D3-BF4B-00C04F79EFBC}") = "FwkUI", "..\..\src\tests\clicache\FwkUI\FwkUI.csproj", "{4C4235E5-DF5B-4C7A-91C3-1C3CDACF57D5}"
EndProject
Project("{2150E333-8FDC-42A3-9474-1A3956D46DE8}") = "plugins", "plugins", "{0990975E-61ED-4178-88C7-4E965F7B1409}"
EndProject
Project("{FAE04EC0-301F-11D3-BF4B-00C04F79EFBC}") = "SQLite", "..\..\vs_projects_10\plugins\SQLite\SQLite.csproj", "{FF9597E3-A4DD-4FDE-871D-B0C66088762F}"
EndProject
Project("{FAE04EC0-301F-11D3-BF4B-00C04F79EFBC}") = "Templates", "..\..\vs_projects_10\gfclicache\templates\Templates.csproj", "{1B99F0C4-B241-45C7-BFAF-2009D0664901}"
EndProject
Global
	GlobalSection(SolutionConfigurationPlatforms) = preSolution
		Debug|Any CPU = Debug|Any CPU
		Debug|Mixed Platforms = Debug|Mixed Platforms
		Debug|Win32 = Debug|Win32
		Debug|x64 = Debug|x64
		Debug|x86 = Debug|x86
		Release|Any CPU = Release|Any CPU
		Release|Mixed Platforms = Release|Mixed Platforms
		Release|Win32 = Release|Win32
		Release|x64 = Release|x64
		Release|x86 = Release|x86
		sanctionedBuildDebug|Any CPU = sanctionedBuildDebug|Any CPU
		sanctionedBuildDebug|Mixed Platforms = sanctionedBuildDebug|Mixed Platforms
		sanctionedBuildDebug|Win32 = sanctionedBuildDebug|Win32
		sanctionedBuildDebug|x64 = sanctionedBuildDebug|x64
		sanctionedBuildDebug|x86 = sanctionedBuildDebug|x86
	EndGlobalSection
	GlobalSection(ProjectConfigurationPlatforms) = postSolution
		{796727E8-3A6A-46BE-A2DB-584A4774CD51}.Debug|Any CPU.ActiveCfg = Debug|Any CPU
		{796727E8-3A6A-46BE-A2DB-584A4774CD51}.Debug|Any CPU.Build.0 = Debug|Any CPU
		{796727E8-3A6A-46BE-A2DB-584A4774CD51}.Debug|Mixed Platforms.ActiveCfg = Debug|Any CPU
		{796727E8-3A6A-46BE-A2DB-584A4774CD51}.Debug|Mixed Platforms.Build.0 = Debug|Any CPU
		{796727E8-3A6A-46BE-A2DB-584A4774CD51}.Debug|Win32.ActiveCfg = Debug|Any CPU
		{796727E8-3A6A-46BE-A2DB-584A4774CD51}.Debug|x64.ActiveCfg = Debug|x64
		{796727E8-3A6A-46BE-A2DB-584A4774CD51}.Debug|x64.Build.0 = Debug|x64
		{796727E8-3A6A-46BE-A2DB-584A4774CD51}.Debug|x86.ActiveCfg = Debug|x64
		{796727E8-3A6A-46BE-A2DB-584A4774CD51}.Release|Any CPU.ActiveCfg = Release|Any CPU
		{796727E8-3A6A-46BE-A2DB-584A4774CD51}.Release|Any CPU.Build.0 = Release|Any CPU
		{796727E8-3A6A-46BE-A2DB-584A4774CD51}.Release|Mixed Platforms.ActiveCfg = Release|Any CPU
		{796727E8-3A6A-46BE-A2DB-584A4774CD51}.Release|Mixed Platforms.Build.0 = Release|Any CPU
		{796727E8-3A6A-46BE-A2DB-584A4774CD51}.Release|Win32.ActiveCfg = Release|Any CPU
		{796727E8-3A6A-46BE-A2DB-584A4774CD51}.Release|x64.ActiveCfg = Release|x64
		{796727E8-3A6A-46BE-A2DB-584A4774CD51}.Release|x64.Build.0 = Release|x64
		{796727E8-3A6A-46BE-A2DB-584A4774CD51}.Release|x86.ActiveCfg = Release|x64
		{796727E8-3A6A-46BE-A2DB-584A4774CD51}.sanctionedBuildDebug|Any CPU.ActiveCfg = Debug|Any CPU
		{796727E8-3A6A-46BE-A2DB-584A4774CD51}.sanctionedBuildDebug|Any CPU.Build.0 = Debug|Any CPU
		{796727E8-3A6A-46BE-A2DB-584A4774CD51}.sanctionedBuildDebug|Mixed Platforms.ActiveCfg = Debug|Any CPU
		{796727E8-3A6A-46BE-A2DB-584A4774CD51}.sanctionedBuildDebug|Mixed Platforms.Build.0 = Debug|Any CPU
		{796727E8-3A6A-46BE-A2DB-584A4774CD51}.sanctionedBuildDebug|Win32.ActiveCfg = Debug|Any CPU
		{796727E8-3A6A-46BE-A2DB-584A4774CD51}.sanctionedBuildDebug|x64.ActiveCfg = Debug|x64
		{796727E8-3A6A-46BE-A2DB-584A4774CD51}.sanctionedBuildDebug|x64.Build.0 = Debug|x64
		{796727E8-3A6A-46BE-A2DB-584A4774CD51}.sanctionedBuildDebug|x86.ActiveCfg = Debug|x64
		{CBD094FB-719C-4CA4-ABE5-08AA26EAE34A}.Debug|Any CPU.ActiveCfg = Debug|Any CPU
		{CBD094FB-719C-4CA4-ABE5-08AA26EAE34A}.Debug|Any CPU.Build.0 = Debug|Any CPU
		{CBD094FB-719C-4CA4-ABE5-08AA26EAE34A}.Debug|Mixed Platforms.ActiveCfg = Debug|Any CPU
		{CBD094FB-719C-4CA4-ABE5-08AA26EAE34A}.Debug|Mixed Platforms.Build.0 = Debug|Any CPU
		{CBD094FB-719C-4CA4-ABE5-08AA26EAE34A}.Debug|Win32.ActiveCfg = Debug|Any CPU
		{CBD094FB-719C-4CA4-ABE5-08AA26EAE34A}.Debug|x64.ActiveCfg = Debug|x64
		{CBD094FB-719C-4CA4-ABE5-08AA26EAE34A}.Debug|x64.Build.0 = Debug|x64
		{CBD094FB-719C-4CA4-ABE5-08AA26EAE34A}.Debug|x86.ActiveCfg = Debug|x64
		{CBD094FB-719C-4CA4-ABE5-08AA26EAE34A}.Release|Any CPU.ActiveCfg = Release|Any CPU
		{CBD094FB-719C-4CA4-ABE5-08AA26EAE34A}.Release|Any CPU.Build.0 = Release|Any CPU
		{CBD094FB-719C-4CA4-ABE5-08AA26EAE34A}.Release|Mixed Platforms.ActiveCfg = Release|Any CPU
		{CBD094FB-719C-4CA4-ABE5-08AA26EAE34A}.Release|Mixed Platforms.Build.0 = Release|Any CPU
		{CBD094FB-719C-4CA4-ABE5-08AA26EAE34A}.Release|Win32.ActiveCfg = Release|Any CPU
		{CBD094FB-719C-4CA4-ABE5-08AA26EAE34A}.Release|x64.ActiveCfg = Release|x64
		{CBD094FB-719C-4CA4-ABE5-08AA26EAE34A}.Release|x64.Build.0 = Release|x64
		{CBD094FB-719C-4CA4-ABE5-08AA26EAE34A}.Release|x86.ActiveCfg = Release|x64
		{CBD094FB-719C-4CA4-ABE5-08AA26EAE34A}.sanctionedBuildDebug|Any CPU.ActiveCfg = Debug|Any CPU
		{CBD094FB-719C-4CA4-ABE5-08AA26EAE34A}.sanctionedBuildDebug|Any CPU.Build.0 = Debug|Any CPU
		{CBD094FB-719C-4CA4-ABE5-08AA26EAE34A}.sanctionedBuildDebug|Mixed Platforms.ActiveCfg = Debug|Any CPU
		{CBD094FB-719C-4CA4-ABE5-08AA26EAE34A}.sanctionedBuildDebug|Mixed Platforms.Build.0 = Debug|Any CPU
		{CBD094FB-719C-4CA4-ABE5-08AA26EAE34A}.sanctionedBuildDebug|Win32.ActiveCfg = Debug|Any CPU
		{CBD094FB-719C-4CA4-ABE5-08AA26EAE34A}.sanctionedBuildDebug|x64.ActiveCfg = Debug|x64
		{CBD094FB-719C-4CA4-ABE5-08AA26EAE34A}.sanctionedBuildDebug|x64.Build.0 = Debug|x64
		{CBD094FB-719C-4CA4-ABE5-08AA26EAE34A}.sanctionedBuildDebug|x86.ActiveCfg = Debug|x64
		{9EFAA401-B5D1-4592-A2FF-0972C776FF6A}.Debug|Any CPU.ActiveCfg = Debug|Any CPU
		{9EFAA401-B5D1-4592-A2FF-0972C776FF6A}.Debug|Any CPU.Build.0 = Debug|Any CPU
		{9EFAA401-B5D1-4592-A2FF-0972C776FF6A}.Debug|Mixed Platforms.ActiveCfg = Debug|Any CPU
		{9EFAA401-B5D1-4592-A2FF-0972C776FF6A}.Debug|Mixed Platforms.Build.0 = Debug|Any CPU
		{9EFAA401-B5D1-4592-A2FF-0972C776FF6A}.Debug|Win32.ActiveCfg = Debug|Any CPU
		{9EFAA401-B5D1-4592-A2FF-0972C776FF6A}.Debug|x64.ActiveCfg = Debug|x64
		{9EFAA401-B5D1-4592-A2FF-0972C776FF6A}.Debug|x64.Build.0 = Debug|x64
		{9EFAA401-B5D1-4592-A2FF-0972C776FF6A}.Debug|x86.ActiveCfg = Debug|x64
		{9EFAA401-B5D1-4592-A2FF-0972C776FF6A}.Release|Any CPU.ActiveCfg = Release|Any CPU
		{9EFAA401-B5D1-4592-A2FF-0972C776FF6A}.Release|Any CPU.Build.0 = Release|Any CPU
		{9EFAA401-B5D1-4592-A2FF-0972C776FF6A}.Release|Mixed Platforms.ActiveCfg = Release|Any CPU
		{9EFAA401-B5D1-4592-A2FF-0972C776FF6A}.Release|Mixed Platforms.Build.0 = Release|Any CPU
		{9EFAA401-B5D1-4592-A2FF-0972C776FF6A}.Release|Win32.ActiveCfg = Release|Any CPU
		{9EFAA401-B5D1-4592-A2FF-0972C776FF6A}.Release|x64.ActiveCfg = Release|x64
		{9EFAA401-B5D1-4592-A2FF-0972C776FF6A}.Release|x64.Build.0 = Release|x64
		{9EFAA401-B5D1-4592-A2FF-0972C776FF6A}.Release|x86.ActiveCfg = Release|x64
		{9EFAA401-B5D1-4592-A2FF-0972C776FF6A}.sanctionedBuildDebug|Any CPU.ActiveCfg = Debug|Any CPU
		{9EFAA401-B5D1-4592-A2FF-0972C776FF6A}.sanctionedBuildDebug|Any CPU.Build.0 = Debug|Any CPU
		{9EFAA401-B5D1-4592-A2FF-0972C776FF6A}.sanctionedBuildDebug|Mixed Platforms.ActiveCfg = Debug|Any CPU
		{9EFAA401-B5D1-4592-A2FF-0972C776FF6A}.sanctionedBuildDebug|Mixed Platforms.Build.0 = Debug|Any CPU
		{9EFAA401-B5D1-4592-A2FF-0972C776FF6A}.sanctionedBuildDebug|Win32.ActiveCfg = Debug|Any CPU
		{9EFAA401-B5D1-4592-A2FF-0972C776FF6A}.sanctionedBuildDebug|x64.ActiveCfg = Debug|x64
		{9EFAA401-B5D1-4592-A2FF-0972C776FF6A}.sanctionedBuildDebug|x64.Build.0 = Debug|x64
		{9EFAA401-B5D1-4592-A2FF-0972C776FF6A}.sanctionedBuildDebug|x86.ActiveCfg = Debug|x64
		{E01351F3-2E8B-4A28-8D96-C591A7ED10DE}.Debug|Any CPU.ActiveCfg = Debug|Any CPU
		{E01351F3-2E8B-4A28-8D96-C591A7ED10DE}.Debug|Any CPU.Build.0 = Debug|Any CPU
		{E01351F3-2E8B-4A28-8D96-C591A7ED10DE}.Debug|Mixed Platforms.ActiveCfg = Debug|Any CPU
		{E01351F3-2E8B-4A28-8D96-C591A7ED10DE}.Debug|Mixed Platforms.Build.0 = Debug|Any CPU
		{E01351F3-2E8B-4A28-8D96-C591A7ED10DE}.Debug|Win32.ActiveCfg = Debug|Any CPU
		{E01351F3-2E8B-4A28-8D96-C591A7ED10DE}.Debug|x64.ActiveCfg = Debug|x64
		{E01351F3-2E8B-4A28-8D96-C591A7ED10DE}.Debug|x64.Build.0 = Debug|x64
		{E01351F3-2E8B-4A28-8D96-C591A7ED10DE}.Debug|x86.ActiveCfg = Debug|x64
		{E01351F3-2E8B-4A28-8D96-C591A7ED10DE}.Release|Any CPU.ActiveCfg = Release|Any CPU
		{E01351F3-2E8B-4A28-8D96-C591A7ED10DE}.Release|Any CPU.Build.0 = Release|Any CPU
		{E01351F3-2E8B-4A28-8D96-C591A7ED10DE}.Release|Mixed Platforms.ActiveCfg = Release|Any CPU
		{E01351F3-2E8B-4A28-8D96-C591A7ED10DE}.Release|Mixed Platforms.Build.0 = Release|Any CPU
		{E01351F3-2E8B-4A28-8D96-C591A7ED10DE}.Release|Win32.ActiveCfg = Release|Any CPU
		{E01351F3-2E8B-4A28-8D96-C591A7ED10DE}.Release|x64.ActiveCfg = Release|x64
		{E01351F3-2E8B-4A28-8D96-C591A7ED10DE}.Release|x64.Build.0 = Release|x64
		{E01351F3-2E8B-4A28-8D96-C591A7ED10DE}.Release|x86.ActiveCfg = Release|x64
		{E01351F3-2E8B-4A28-8D96-C591A7ED10DE}.sanctionedBuildDebug|Any CPU.ActiveCfg = Debug|Any CPU
		{E01351F3-2E8B-4A28-8D96-C591A7ED10DE}.sanctionedBuildDebug|Any CPU.Build.0 = Debug|Any CPU
		{E01351F3-2E8B-4A28-8D96-C591A7ED10DE}.sanctionedBuildDebug|Mixed Platforms.ActiveCfg = Debug|Any CPU
		{E01351F3-2E8B-4A28-8D96-C591A7ED10DE}.sanctionedBuildDebug|Mixed Platforms.Build.0 = Debug|Any CPU
		{E01351F3-2E8B-4A28-8D96-C591A7ED10DE}.sanctionedBuildDebug|Win32.ActiveCfg = Debug|Any CPU
		{E01351F3-2E8B-4A28-8D96-C591A7ED10DE}.sanctionedBuildDebug|x64.ActiveCfg = Debug|x64
		{E01351F3-2E8B-4A28-8D96-C591A7ED10DE}.sanctionedBuildDebug|x64.Build.0 = Debug|x64
		{E01351F3-2E8B-4A28-8D96-C591A7ED10DE}.sanctionedBuildDebug|x86.ActiveCfg = Debug|x64
		{86DB53F0-AE67-49F8-BABC-3BCC008F9BEA}.Debug|Any CPU.ActiveCfg = Debug|Any CPU
		{86DB53F0-AE67-49F8-BABC-3BCC008F9BEA}.Debug|Any CPU.Build.0 = Debug|Any CPU
		{86DB53F0-AE67-49F8-BABC-3BCC008F9BEA}.Debug|Mixed Platforms.ActiveCfg = Debug|Any CPU
		{86DB53F0-AE67-49F8-BABC-3BCC008F9BEA}.Debug|Mixed Platforms.Build.0 = Debug|Any CPU
		{86DB53F0-AE67-49F8-BABC-3BCC008F9BEA}.Debug|Win32.ActiveCfg = Debug|Any CPU
		{86DB53F0-AE67-49F8-BABC-3BCC008F9BEA}.Debug|x64.ActiveCfg = Debug|x64
		{86DB53F0-AE67-49F8-BABC-3BCC008F9BEA}.Debug|x64.Build.0 = Debug|x64
		{86DB53F0-AE67-49F8-BABC-3BCC008F9BEA}.Debug|x86.ActiveCfg = Debug|x64
		{86DB53F0-AE67-49F8-BABC-3BCC008F9BEA}.Release|Any CPU.ActiveCfg = Release|Any CPU
		{86DB53F0-AE67-49F8-BABC-3BCC008F9BEA}.Release|Any CPU.Build.0 = Release|Any CPU
		{86DB53F0-AE67-49F8-BABC-3BCC008F9BEA}.Release|Mixed Platforms.ActiveCfg = Release|Any CPU
		{86DB53F0-AE67-49F8-BABC-3BCC008F9BEA}.Release|Mixed Platforms.Build.0 = Release|Any CPU
		{86DB53F0-AE67-49F8-BABC-3BCC008F9BEA}.Release|Win32.ActiveCfg = Release|Any CPU
		{86DB53F0-AE67-49F8-BABC-3BCC008F9BEA}.Release|x64.ActiveCfg = Release|x64
		{86DB53F0-AE67-49F8-BABC-3BCC008F9BEA}.Release|x64.Build.0 = Release|x64
		{86DB53F0-AE67-49F8-BABC-3BCC008F9BEA}.Release|x86.ActiveCfg = Release|x64
		{86DB53F0-AE67-49F8-BABC-3BCC008F9BEA}.sanctionedBuildDebug|Any CPU.ActiveCfg = Debug|Any CPU
		{86DB53F0-AE67-49F8-BABC-3BCC008F9BEA}.sanctionedBuildDebug|Any CPU.Build.0 = Debug|Any CPU
		{86DB53F0-AE67-49F8-BABC-3BCC008F9BEA}.sanctionedBuildDebug|Mixed Platforms.ActiveCfg = Debug|Any CPU
		{86DB53F0-AE67-49F8-BABC-3BCC008F9BEA}.sanctionedBuildDebug|Mixed Platforms.Build.0 = Debug|Any CPU
		{86DB53F0-AE67-49F8-BABC-3BCC008F9BEA}.sanctionedBuildDebug|Win32.ActiveCfg = Debug|Any CPU
		{86DB53F0-AE67-49F8-BABC-3BCC008F9BEA}.sanctionedBuildDebug|x64.ActiveCfg = Debug|x64
		{86DB53F0-AE67-49F8-BABC-3BCC008F9BEA}.sanctionedBuildDebug|x64.Build.0 = Debug|x64
		{86DB53F0-AE67-49F8-BABC-3BCC008F9BEA}.sanctionedBuildDebug|x86.ActiveCfg = Debug|x64
		{62BE558C-FDC4-48E3-93DB-15DD0EA695DF}.Debug|Any CPU.ActiveCfg = Debug|Any CPU
		{62BE558C-FDC4-48E3-93DB-15DD0EA695DF}.Debug|Any CPU.Build.0 = Debug|Any CPU
		{62BE558C-FDC4-48E3-93DB-15DD0EA695DF}.Debug|Mixed Platforms.ActiveCfg = Debug|Any CPU
		{62BE558C-FDC4-48E3-93DB-15DD0EA695DF}.Debug|Mixed Platforms.Build.0 = Debug|Any CPU
		{62BE558C-FDC4-48E3-93DB-15DD0EA695DF}.Debug|Win32.ActiveCfg = Debug|Any CPU
		{62BE558C-FDC4-48E3-93DB-15DD0EA695DF}.Debug|x64.ActiveCfg = Debug|x64
		{62BE558C-FDC4-48E3-93DB-15DD0EA695DF}.Debug|x64.Build.0 = Debug|x64
		{62BE558C-FDC4-48E3-93DB-15DD0EA695DF}.Debug|x86.ActiveCfg = Debug|x64
		{62BE558C-FDC4-48E3-93DB-15DD0EA695DF}.Release|Any CPU.ActiveCfg = Release|Any CPU
		{62BE558C-FDC4-48E3-93DB-15DD0EA695DF}.Release|Any CPU.Build.0 = Release|Any CPU
		{62BE558C-FDC4-48E3-93DB-15DD0EA695DF}.Release|Mixed Platforms.ActiveCfg = Release|Any CPU
		{62BE558C-FDC4-48E3-93DB-15DD0EA695DF}.Release|Mixed Platforms.Build.0 = Release|Any CPU
		{62BE558C-FDC4-48E3-93DB-15DD0EA695DF}.Release|Win32.ActiveCfg = Release|Any CPU
		{62BE558C-FDC4-48E3-93DB-15DD0EA695DF}.Release|x64.ActiveCfg = Release|x64
		{62BE558C-FDC4-48E3-93DB-15DD0EA695DF}.Release|x64.Build.0 = Release|x64
		{62BE558C-FDC4-48E3-93DB-15DD0EA695DF}.Release|x86.ActiveCfg = Release|x64
		{62BE558C-FDC4-48E3-93DB-15DD0EA695DF}.sanctionedBuildDebug|Any CPU.ActiveCfg = Debug|Any CPU
		{62BE558C-FDC4-48E3-93DB-15DD0EA695DF}.sanctionedBuildDebug|Any CPU.Build.0 = Debug|Any CPU
		{62BE558C-FDC4-48E3-93DB-15DD0EA695DF}.sanctionedBuildDebug|Mixed Platforms.ActiveCfg = Debug|Any CPU
		{62BE558C-FDC4-48E3-93DB-15DD0EA695DF}.sanctionedBuildDebug|Mixed Platforms.Build.0 = Debug|Any CPU
		{62BE558C-FDC4-48E3-93DB-15DD0EA695DF}.sanctionedBuildDebug|Win32.ActiveCfg = Debug|Any CPU
		{62BE558C-FDC4-48E3-93DB-15DD0EA695DF}.sanctionedBuildDebug|x64.ActiveCfg = Debug|x64
		{62BE558C-FDC4-48E3-93DB-15DD0EA695DF}.sanctionedBuildDebug|x64.Build.0 = Debug|x64
		{62BE558C-FDC4-48E3-93DB-15DD0EA695DF}.sanctionedBuildDebug|x86.ActiveCfg = Debug|x64
		{9462282E-A3D8-4192-885C-891E778D9A3F}.Debug|Any CPU.ActiveCfg = Debug|Win32
		{9462282E-A3D8-4192-885C-891E778D9A3F}.Debug|Mixed Platforms.ActiveCfg = Debug|Win32
		{9462282E-A3D8-4192-885C-891E778D9A3F}.Debug|Mixed Platforms.Build.0 = Debug|Win32
		{9462282E-A3D8-4192-885C-891E778D9A3F}.Debug|Win32.ActiveCfg = Debug|Win32
		{9462282E-A3D8-4192-885C-891E778D9A3F}.Debug|Win32.Build.0 = Debug|Win32
		{9462282E-A3D8-4192-885C-891E778D9A3F}.Debug|x64.ActiveCfg = Debug|x64
		{9462282E-A3D8-4192-885C-891E778D9A3F}.Debug|x64.Build.0 = Debug|x64
		{9462282E-A3D8-4192-885C-891E778D9A3F}.Debug|x86.ActiveCfg = Debug|x64
		{9462282E-A3D8-4192-885C-891E778D9A3F}.Release|Any CPU.ActiveCfg = Release|Win32
		{9462282E-A3D8-4192-885C-891E778D9A3F}.Release|Mixed Platforms.ActiveCfg = Release|Win32
		{9462282E-A3D8-4192-885C-891E778D9A3F}.Release|Mixed Platforms.Build.0 = Release|Win32
		{9462282E-A3D8-4192-885C-891E778D9A3F}.Release|Win32.ActiveCfg = Release|Win32
		{9462282E-A3D8-4192-885C-891E778D9A3F}.Release|Win32.Build.0 = Release|Win32
		{9462282E-A3D8-4192-885C-891E778D9A3F}.Release|x64.ActiveCfg = Release|x64
		{9462282E-A3D8-4192-885C-891E778D9A3F}.Release|x64.Build.0 = Release|x64
		{9462282E-A3D8-4192-885C-891E778D9A3F}.Release|x86.ActiveCfg = Release|x64
		{9462282E-A3D8-4192-885C-891E778D9A3F}.sanctionedBuildDebug|Any CPU.ActiveCfg = Debug|Win32
		{9462282E-A3D8-4192-885C-891E778D9A3F}.sanctionedBuildDebug|Mixed Platforms.ActiveCfg = Debug|Win32
		{9462282E-A3D8-4192-885C-891E778D9A3F}.sanctionedBuildDebug|Mixed Platforms.Build.0 = Debug|Win32
		{9462282E-A3D8-4192-885C-891E778D9A3F}.sanctionedBuildDebug|Win32.ActiveCfg = Debug|Win32
		{9462282E-A3D8-4192-885C-891E778D9A3F}.sanctionedBuildDebug|Win32.Build.0 = Debug|Win32
		{9462282E-A3D8-4192-885C-891E778D9A3F}.sanctionedBuildDebug|x64.ActiveCfg = Debug|x64
		{9462282E-A3D8-4192-885C-891E778D9A3F}.sanctionedBuildDebug|x64.Build.0 = Debug|x64
		{9462282E-A3D8-4192-885C-891E778D9A3F}.sanctionedBuildDebug|x86.ActiveCfg = Debug|x64
		{1E0FB5D4-5792-4E98-BA2A-FAB7FD26C1B6}.Debug|Any CPU.ActiveCfg = Debug|Any CPU
		{1E0FB5D4-5792-4E98-BA2A-FAB7FD26C1B6}.Debug|Any CPU.Build.0 = Debug|Any CPU
		{1E0FB5D4-5792-4E98-BA2A-FAB7FD26C1B6}.Debug|Mixed Platforms.ActiveCfg = Debug|Any CPU
		{1E0FB5D4-5792-4E98-BA2A-FAB7FD26C1B6}.Debug|Mixed Platforms.Build.0 = Debug|Any CPU
		{1E0FB5D4-5792-4E98-BA2A-FAB7FD26C1B6}.Debug|Win32.ActiveCfg = Debug|Any CPU
		{1E0FB5D4-5792-4E98-BA2A-FAB7FD26C1B6}.Debug|x64.ActiveCfg = Debug|x64
		{1E0FB5D4-5792-4E98-BA2A-FAB7FD26C1B6}.Debug|x64.Build.0 = Debug|x64
		{1E0FB5D4-5792-4E98-BA2A-FAB7FD26C1B6}.Debug|x86.ActiveCfg = Debug|x64
		{1E0FB5D4-5792-4E98-BA2A-FAB7FD26C1B6}.Release|Any CPU.ActiveCfg = Release|Any CPU
		{1E0FB5D4-5792-4E98-BA2A-FAB7FD26C1B6}.Release|Any CPU.Build.0 = Release|Any CPU
		{1E0FB5D4-5792-4E98-BA2A-FAB7FD26C1B6}.Release|Mixed Platforms.ActiveCfg = Release|Any CPU
		{1E0FB5D4-5792-4E98-BA2A-FAB7FD26C1B6}.Release|Mixed Platforms.Build.0 = Release|Any CPU
		{1E0FB5D4-5792-4E98-BA2A-FAB7FD26C1B6}.Release|Win32.ActiveCfg = Release|Any CPU
		{1E0FB5D4-5792-4E98-BA2A-FAB7FD26C1B6}.Release|x64.ActiveCfg = Release|x64
		{1E0FB5D4-5792-4E98-BA2A-FAB7FD26C1B6}.Release|x64.Build.0 = Release|x64
		{1E0FB5D4-5792-4E98-BA2A-FAB7FD26C1B6}.Release|x86.ActiveCfg = Release|x64
		{1E0FB5D4-5792-4E98-BA2A-FAB7FD26C1B6}.sanctionedBuildDebug|Any CPU.ActiveCfg = Debug|Any CPU
		{1E0FB5D4-5792-4E98-BA2A-FAB7FD26C1B6}.sanctionedBuildDebug|Any CPU.Build.0 = Debug|Any CPU
		{1E0FB5D4-5792-4E98-BA2A-FAB7FD26C1B6}.sanctionedBuildDebug|Mixed Platforms.ActiveCfg = Debug|Any CPU
		{1E0FB5D4-5792-4E98-BA2A-FAB7FD26C1B6}.sanctionedBuildDebug|Mixed Platforms.Build.0 = Debug|Any CPU
		{1E0FB5D4-5792-4E98-BA2A-FAB7FD26C1B6}.sanctionedBuildDebug|Win32.ActiveCfg = Debug|Any CPU
		{1E0FB5D4-5792-4E98-BA2A-FAB7FD26C1B6}.sanctionedBuildDebug|x64.ActiveCfg = Debug|x64
		{1E0FB5D4-5792-4E98-BA2A-FAB7FD26C1B6}.sanctionedBuildDebug|x64.Build.0 = Debug|x64
		{1E0FB5D4-5792-4E98-BA2A-FAB7FD26C1B6}.sanctionedBuildDebug|x86.ActiveCfg = Debug|x64
		{CC86BCBD-04DB-4151-8705-9EB8FB1FCA47}.Debug|Any CPU.ActiveCfg = Debug|Any CPU
		{CC86BCBD-04DB-4151-8705-9EB8FB1FCA47}.Debug|Any CPU.Build.0 = Debug|Any CPU
		{CC86BCBD-04DB-4151-8705-9EB8FB1FCA47}.Debug|Mixed Platforms.ActiveCfg = Debug|Any CPU
		{CC86BCBD-04DB-4151-8705-9EB8FB1FCA47}.Debug|Mixed Platforms.Build.0 = Debug|Any CPU
		{CC86BCBD-04DB-4151-8705-9EB8FB1FCA47}.Debug|Win32.ActiveCfg = Debug|Any CPU
		{CC86BCBD-04DB-4151-8705-9EB8FB1FCA47}.Debug|x64.ActiveCfg = Debug|x64
		{CC86BCBD-04DB-4151-8705-9EB8FB1FCA47}.Debug|x64.Build.0 = Debug|x64
		{CC86BCBD-04DB-4151-8705-9EB8FB1FCA47}.Debug|x86.ActiveCfg = Debug|x64
		{CC86BCBD-04DB-4151-8705-9EB8FB1FCA47}.Release|Any CPU.ActiveCfg = Release|Any CPU
		{CC86BCBD-04DB-4151-8705-9EB8FB1FCA47}.Release|Any CPU.Build.0 = Release|Any CPU
		{CC86BCBD-04DB-4151-8705-9EB8FB1FCA47}.Release|Mixed Platforms.ActiveCfg = Release|Any CPU
		{CC86BCBD-04DB-4151-8705-9EB8FB1FCA47}.Release|Mixed Platforms.Build.0 = Release|Any CPU
		{CC86BCBD-04DB-4151-8705-9EB8FB1FCA47}.Release|Win32.ActiveCfg = Release|Any CPU
		{CC86BCBD-04DB-4151-8705-9EB8FB1FCA47}.Release|x64.ActiveCfg = Release|x64
		{CC86BCBD-04DB-4151-8705-9EB8FB1FCA47}.Release|x64.Build.0 = Release|x64
		{CC86BCBD-04DB-4151-8705-9EB8FB1FCA47}.Release|x86.ActiveCfg = Release|x64
		{CC86BCBD-04DB-4151-8705-9EB8FB1FCA47}.sanctionedBuildDebug|Any CPU.ActiveCfg = Debug|Any CPU
		{CC86BCBD-04DB-4151-8705-9EB8FB1FCA47}.sanctionedBuildDebug|Any CPU.Build.0 = Debug|Any CPU
		{CC86BCBD-04DB-4151-8705-9EB8FB1FCA47}.sanctionedBuildDebug|Mixed Platforms.ActiveCfg = Debug|Any CPU
		{CC86BCBD-04DB-4151-8705-9EB8FB1FCA47}.sanctionedBuildDebug|Mixed Platforms.Build.0 = Debug|Any CPU
		{CC86BCBD-04DB-4151-8705-9EB8FB1FCA47}.sanctionedBuildDebug|Win32.ActiveCfg = Debug|Any CPU
		{CC86BCBD-04DB-4151-8705-9EB8FB1FCA47}.sanctionedBuildDebug|x64.ActiveCfg = Debug|x64
		{CC86BCBD-04DB-4151-8705-9EB8FB1FCA47}.sanctionedBuildDebug|x64.Build.0 = Debug|x64
		{CC86BCBD-04DB-4151-8705-9EB8FB1FCA47}.sanctionedBuildDebug|x86.ActiveCfg = Debug|x64
		{29CFC13C-1D6C-4FE8-B56E-A5E7BA7F849F}.Debug|Any CPU.ActiveCfg = Debug|Any CPU
		{29CFC13C-1D6C-4FE8-B56E-A5E7BA7F849F}.Debug|Any CPU.Build.0 = Debug|Any CPU
		{29CFC13C-1D6C-4FE8-B56E-A5E7BA7F849F}.Debug|Mixed Platforms.ActiveCfg = Debug|Any CPU
		{29CFC13C-1D6C-4FE8-B56E-A5E7BA7F849F}.Debug|Mixed Platforms.Build.0 = Debug|Any CPU
		{29CFC13C-1D6C-4FE8-B56E-A5E7BA7F849F}.Debug|Win32.ActiveCfg = Debug|Any CPU
		{29CFC13C-1D6C-4FE8-B56E-A5E7BA7F849F}.Debug|x64.ActiveCfg = Debug|x64
		{29CFC13C-1D6C-4FE8-B56E-A5E7BA7F849F}.Debug|x64.Build.0 = Debug|x64
		{29CFC13C-1D6C-4FE8-B56E-A5E7BA7F849F}.Debug|x86.ActiveCfg = Debug|x64
		{29CFC13C-1D6C-4FE8-B56E-A5E7BA7F849F}.Release|Any CPU.ActiveCfg = Release|Any CPU
		{29CFC13C-1D6C-4FE8-B56E-A5E7BA7F849F}.Release|Any CPU.Build.0 = Release|Any CPU
		{29CFC13C-1D6C-4FE8-B56E-A5E7BA7F849F}.Release|Mixed Platforms.ActiveCfg = Release|Any CPU
		{29CFC13C-1D6C-4FE8-B56E-A5E7BA7F849F}.Release|Mixed Platforms.Build.0 = Release|Any CPU
		{29CFC13C-1D6C-4FE8-B56E-A5E7BA7F849F}.Release|Win32.ActiveCfg = Release|Any CPU
		{29CFC13C-1D6C-4FE8-B56E-A5E7BA7F849F}.Release|x64.ActiveCfg = Release|x64
		{29CFC13C-1D6C-4FE8-B56E-A5E7BA7F849F}.Release|x64.Build.0 = Release|x64
		{29CFC13C-1D6C-4FE8-B56E-A5E7BA7F849F}.Release|x86.ActiveCfg = Release|x64
		{29CFC13C-1D6C-4FE8-B56E-A5E7BA7F849F}.sanctionedBuildDebug|Any CPU.ActiveCfg = Debug|Any CPU
		{29CFC13C-1D6C-4FE8-B56E-A5E7BA7F849F}.sanctionedBuildDebug|Any CPU.Build.0 = Debug|Any CPU
		{29CFC13C-1D6C-4FE8-B56E-A5E7BA7F849F}.sanctionedBuildDebug|Mixed Platforms.ActiveCfg = Debug|Any CPU
		{29CFC13C-1D6C-4FE8-B56E-A5E7BA7F849F}.sanctionedBuildDebug|Mixed Platforms.Build.0 = Debug|Any CPU
		{29CFC13C-1D6C-4FE8-B56E-A5E7BA7F849F}.sanctionedBuildDebug|Win32.ActiveCfg = Debug|Any CPU
		{29CFC13C-1D6C-4FE8-B56E-A5E7BA7F849F}.sanctionedBuildDebug|x64.ActiveCfg = Debug|x64
		{29CFC13C-1D6C-4FE8-B56E-A5E7BA7F849F}.sanctionedBuildDebug|x64.Build.0 = Debug|x64
		{29CFC13C-1D6C-4FE8-B56E-A5E7BA7F849F}.sanctionedBuildDebug|x86.ActiveCfg = Debug|x64
		{028E234C-10E7-401F-9A35-0EF3BED05E65}.Debug|Any CPU.ActiveCfg = Debug|Win32
		{028E234C-10E7-401F-9A35-0EF3BED05E65}.Debug|Mixed Platforms.ActiveCfg = Debug|Win32
		{028E234C-10E7-401F-9A35-0EF3BED05E65}.Debug|Mixed Platforms.Build.0 = Debug|Win32
		{028E234C-10E7-401F-9A35-0EF3BED05E65}.Debug|Win32.ActiveCfg = Debug|Win32
		{028E234C-10E7-401F-9A35-0EF3BED05E65}.Debug|Win32.Build.0 = Debug|Win32
		{028E234C-10E7-401F-9A35-0EF3BED05E65}.Debug|x64.ActiveCfg = Debug|x64
		{028E234C-10E7-401F-9A35-0EF3BED05E65}.Debug|x64.Build.0 = Debug|x64
		{028E234C-10E7-401F-9A35-0EF3BED05E65}.Debug|x86.ActiveCfg = Debug|x64
		{028E234C-10E7-401F-9A35-0EF3BED05E65}.Release|Any CPU.ActiveCfg = Release|Win32
		{028E234C-10E7-401F-9A35-0EF3BED05E65}.Release|Mixed Platforms.ActiveCfg = Release|Win32
		{028E234C-10E7-401F-9A35-0EF3BED05E65}.Release|Mixed Platforms.Build.0 = Release|Win32
		{028E234C-10E7-401F-9A35-0EF3BED05E65}.Release|Win32.ActiveCfg = Release|Win32
		{028E234C-10E7-401F-9A35-0EF3BED05E65}.Release|Win32.Build.0 = Release|Win32
		{028E234C-10E7-401F-9A35-0EF3BED05E65}.Release|x64.ActiveCfg = Release|x64
		{028E234C-10E7-401F-9A35-0EF3BED05E65}.Release|x64.Build.0 = Release|x64
		{028E234C-10E7-401F-9A35-0EF3BED05E65}.Release|x86.ActiveCfg = Release|x64
		{028E234C-10E7-401F-9A35-0EF3BED05E65}.sanctionedBuildDebug|Any CPU.ActiveCfg = Debug|Win32
		{028E234C-10E7-401F-9A35-0EF3BED05E65}.sanctionedBuildDebug|Mixed Platforms.ActiveCfg = Debug|Win32
		{028E234C-10E7-401F-9A35-0EF3BED05E65}.sanctionedBuildDebug|Mixed Platforms.Build.0 = Debug|Win32
		{028E234C-10E7-401F-9A35-0EF3BED05E65}.sanctionedBuildDebug|Win32.ActiveCfg = Debug|Win32
		{028E234C-10E7-401F-9A35-0EF3BED05E65}.sanctionedBuildDebug|Win32.Build.0 = Debug|Win32
		{028E234C-10E7-401F-9A35-0EF3BED05E65}.sanctionedBuildDebug|x64.ActiveCfg = Debug|x64
		{028E234C-10E7-401F-9A35-0EF3BED05E65}.sanctionedBuildDebug|x64.Build.0 = Debug|x64
		{028E234C-10E7-401F-9A35-0EF3BED05E65}.sanctionedBuildDebug|x86.ActiveCfg = Debug|x64
		{64BE2358-E700-4909-8665-8B10E2626691}.Debug|Any CPU.ActiveCfg = Debug|Win32
		{64BE2358-E700-4909-8665-8B10E2626691}.Debug|Mixed Platforms.ActiveCfg = Debug|Win32
		{64BE2358-E700-4909-8665-8B10E2626691}.Debug|Mixed Platforms.Build.0 = Debug|Win32
		{64BE2358-E700-4909-8665-8B10E2626691}.Debug|Win32.ActiveCfg = Debug|Win32
		{64BE2358-E700-4909-8665-8B10E2626691}.Debug|Win32.Build.0 = Debug|Win32
		{64BE2358-E700-4909-8665-8B10E2626691}.Debug|x64.ActiveCfg = Debug|x64
		{64BE2358-E700-4909-8665-8B10E2626691}.Debug|x64.Build.0 = Debug|x64
		{64BE2358-E700-4909-8665-8B10E2626691}.Debug|x86.ActiveCfg = Debug|x64
		{64BE2358-E700-4909-8665-8B10E2626691}.Release|Any CPU.ActiveCfg = Release|Win32
		{64BE2358-E700-4909-8665-8B10E2626691}.Release|Mixed Platforms.ActiveCfg = Release|Win32
		{64BE2358-E700-4909-8665-8B10E2626691}.Release|Mixed Platforms.Build.0 = Release|Win32
		{64BE2358-E700-4909-8665-8B10E2626691}.Release|Win32.ActiveCfg = Release|Win32
		{64BE2358-E700-4909-8665-8B10E2626691}.Release|Win32.Build.0 = Release|Win32
		{64BE2358-E700-4909-8665-8B10E2626691}.Release|x64.ActiveCfg = Release|x64
		{64BE2358-E700-4909-8665-8B10E2626691}.Release|x64.Build.0 = Release|x64
		{64BE2358-E700-4909-8665-8B10E2626691}.Release|x86.ActiveCfg = Release|x64
		{64BE2358-E700-4909-8665-8B10E2626691}.sanctionedBuildDebug|Any CPU.ActiveCfg = Debug|x64
		{64BE2358-E700-4909-8665-8B10E2626691}.sanctionedBuildDebug|Mixed Platforms.ActiveCfg = Debug|Win32
		{64BE2358-E700-4909-8665-8B10E2626691}.sanctionedBuildDebug|Mixed Platforms.Build.0 = Debug|Win32
		{64BE2358-E700-4909-8665-8B10E2626691}.sanctionedBuildDebug|Win32.ActiveCfg = Debug|Win32
		{64BE2358-E700-4909-8665-8B10E2626691}.sanctionedBuildDebug|Win32.Build.0 = Debug|Win32
		{64BE2358-E700-4909-8665-8B10E2626691}.sanctionedBuildDebug|x64.ActiveCfg = Debug|x64
		{64BE2358-E700-4909-8665-8B10E2626691}.sanctionedBuildDebug|x64.Build.0 = Debug|x64
		{64BE2358-E700-4909-8665-8B10E2626691}.sanctionedBuildDebug|x86.ActiveCfg = Debug|x64
		{9D51841C-4400-4BB4-95C9-15A8E6C14B38}.Debug|Any CPU.ActiveCfg = Debug|Any CPU
		{9D51841C-4400-4BB4-95C9-15A8E6C14B38}.Debug|Any CPU.Build.0 = Debug|Any CPU
		{9D51841C-4400-4BB4-95C9-15A8E6C14B38}.Debug|Mixed Platforms.ActiveCfg = Debug|Any CPU
		{9D51841C-4400-4BB4-95C9-15A8E6C14B38}.Debug|Mixed Platforms.Build.0 = Debug|Any CPU
		{9D51841C-4400-4BB4-95C9-15A8E6C14B38}.Debug|Win32.ActiveCfg = Debug|Any CPU
		{9D51841C-4400-4BB4-95C9-15A8E6C14B38}.Debug|x64.ActiveCfg = Debug|x64
		{9D51841C-4400-4BB4-95C9-15A8E6C14B38}.Debug|x64.Build.0 = Debug|x64
		{9D51841C-4400-4BB4-95C9-15A8E6C14B38}.Debug|x86.ActiveCfg = Debug|x86
		{9D51841C-4400-4BB4-95C9-15A8E6C14B38}.Debug|x86.Build.0 = Debug|x86
		{9D51841C-4400-4BB4-95C9-15A8E6C14B38}.Release|Any CPU.ActiveCfg = Release|Any CPU
		{9D51841C-4400-4BB4-95C9-15A8E6C14B38}.Release|Any CPU.Build.0 = Release|Any CPU
		{9D51841C-4400-4BB4-95C9-15A8E6C14B38}.Release|Mixed Platforms.ActiveCfg = Release|Any CPU
		{9D51841C-4400-4BB4-95C9-15A8E6C14B38}.Release|Mixed Platforms.Build.0 = Release|Any CPU
		{9D51841C-4400-4BB4-95C9-15A8E6C14B38}.Release|Win32.ActiveCfg = Release|Any CPU
		{9D51841C-4400-4BB4-95C9-15A8E6C14B38}.Release|x64.ActiveCfg = Release|x64
		{9D51841C-4400-4BB4-95C9-15A8E6C14B38}.Release|x64.Build.0 = Release|x64
		{9D51841C-4400-4BB4-95C9-15A8E6C14B38}.Release|x86.ActiveCfg = Release|x86
		{9D51841C-4400-4BB4-95C9-15A8E6C14B38}.Release|x86.Build.0 = Release|x86
		{9D51841C-4400-4BB4-95C9-15A8E6C14B38}.sanctionedBuildDebug|Any CPU.ActiveCfg = Debug|Any CPU
		{9D51841C-4400-4BB4-95C9-15A8E6C14B38}.sanctionedBuildDebug|Any CPU.Build.0 = Debug|Any CPU
		{9D51841C-4400-4BB4-95C9-15A8E6C14B38}.sanctionedBuildDebug|Mixed Platforms.ActiveCfg = Debug|Any CPU
		{9D51841C-4400-4BB4-95C9-15A8E6C14B38}.sanctionedBuildDebug|Mixed Platforms.Build.0 = Debug|Any CPU
		{9D51841C-4400-4BB4-95C9-15A8E6C14B38}.sanctionedBuildDebug|Win32.ActiveCfg = Debug|Any CPU
		{9D51841C-4400-4BB4-95C9-15A8E6C14B38}.sanctionedBuildDebug|x64.ActiveCfg = Debug|x64
		{9D51841C-4400-4BB4-95C9-15A8E6C14B38}.sanctionedBuildDebug|x64.Build.0 = Debug|x64
		{9D51841C-4400-4BB4-95C9-15A8E6C14B38}.sanctionedBuildDebug|x86.ActiveCfg = Debug|x86
		{9D51841C-4400-4BB4-95C9-15A8E6C14B38}.sanctionedBuildDebug|x86.Build.0 = Debug|x86
		{0DDB5AAF-C707-4F65-9000-659A24504D36}.Debug|Any CPU.ActiveCfg = Debug|Any CPU
		{0DDB5AAF-C707-4F65-9000-659A24504D36}.Debug|Any CPU.Build.0 = Debug|Any CPU
		{0DDB5AAF-C707-4F65-9000-659A24504D36}.Debug|Mixed Platforms.ActiveCfg = Debug|x86
		{0DDB5AAF-C707-4F65-9000-659A24504D36}.Debug|Mixed Platforms.Build.0 = Debug|x86
		{0DDB5AAF-C707-4F65-9000-659A24504D36}.Debug|Win32.ActiveCfg = Debug|x86
		{0DDB5AAF-C707-4F65-9000-659A24504D36}.Debug|x64.ActiveCfg = Debug|x64
		{0DDB5AAF-C707-4F65-9000-659A24504D36}.Debug|x64.Build.0 = Debug|x64
		{0DDB5AAF-C707-4F65-9000-659A24504D36}.Debug|x86.ActiveCfg = Debug|x86
		{0DDB5AAF-C707-4F65-9000-659A24504D36}.Debug|x86.Build.0 = Debug|x86
		{0DDB5AAF-C707-4F65-9000-659A24504D36}.Release|Any CPU.ActiveCfg = Release|Any CPU
		{0DDB5AAF-C707-4F65-9000-659A24504D36}.Release|Any CPU.Build.0 = Release|Any CPU
		{0DDB5AAF-C707-4F65-9000-659A24504D36}.Release|Mixed Platforms.ActiveCfg = Release|x86
		{0DDB5AAF-C707-4F65-9000-659A24504D36}.Release|Mixed Platforms.Build.0 = Release|x86
		{0DDB5AAF-C707-4F65-9000-659A24504D36}.Release|Win32.ActiveCfg = Release|x86
		{0DDB5AAF-C707-4F65-9000-659A24504D36}.Release|x64.ActiveCfg = Release|x64
		{0DDB5AAF-C707-4F65-9000-659A24504D36}.Release|x64.Build.0 = Release|x64
		{0DDB5AAF-C707-4F65-9000-659A24504D36}.Release|x86.ActiveCfg = Release|x86
		{0DDB5AAF-C707-4F65-9000-659A24504D36}.Release|x86.Build.0 = Release|x86
		{0DDB5AAF-C707-4F65-9000-659A24504D36}.sanctionedBuildDebug|Any CPU.ActiveCfg = Debug|Any CPU
		{0DDB5AAF-C707-4F65-9000-659A24504D36}.sanctionedBuildDebug|Any CPU.Build.0 = Debug|Any CPU
		{0DDB5AAF-C707-4F65-9000-659A24504D36}.sanctionedBuildDebug|Mixed Platforms.ActiveCfg = Debug|x86
		{0DDB5AAF-C707-4F65-9000-659A24504D36}.sanctionedBuildDebug|Mixed Platforms.Build.0 = Debug|x86
		{0DDB5AAF-C707-4F65-9000-659A24504D36}.sanctionedBuildDebug|Win32.ActiveCfg = Debug|x86
		{0DDB5AAF-C707-4F65-9000-659A24504D36}.sanctionedBuildDebug|x64.ActiveCfg = Debug|x64
		{0DDB5AAF-C707-4F65-9000-659A24504D36}.sanctionedBuildDebug|x64.Build.0 = Debug|x64
		{0DDB5AAF-C707-4F65-9000-659A24504D36}.sanctionedBuildDebug|x86.ActiveCfg = Debug|x86
		{0DDB5AAF-C707-4F65-9000-659A24504D36}.sanctionedBuildDebug|x86.Build.0 = Debug|x86
		{E69BE55D-1BCF-4958-93F0-D1F00C2BA2DE}.Debug|Any CPU.ActiveCfg = Debug|Any CPU
		{E69BE55D-1BCF-4958-93F0-D1F00C2BA2DE}.Debug|Any CPU.Build.0 = Debug|Any CPU
		{E69BE55D-1BCF-4958-93F0-D1F00C2BA2DE}.Debug|Mixed Platforms.ActiveCfg = Debug|Any CPU
		{E69BE55D-1BCF-4958-93F0-D1F00C2BA2DE}.Debug|Mixed Platforms.Build.0 = Debug|Any CPU
		{E69BE55D-1BCF-4958-93F0-D1F00C2BA2DE}.Debug|Win32.ActiveCfg = Debug|Any CPU
		{E69BE55D-1BCF-4958-93F0-D1F00C2BA2DE}.Debug|x64.ActiveCfg = Debug|x64
		{E69BE55D-1BCF-4958-93F0-D1F00C2BA2DE}.Debug|x64.Build.0 = Debug|x64
		{E69BE55D-1BCF-4958-93F0-D1F00C2BA2DE}.Debug|x86.ActiveCfg = Debug|x64
		{E69BE55D-1BCF-4958-93F0-D1F00C2BA2DE}.Release|Any CPU.ActiveCfg = Release|Any CPU
		{E69BE55D-1BCF-4958-93F0-D1F00C2BA2DE}.Release|Any CPU.Build.0 = Release|Any CPU
		{E69BE55D-1BCF-4958-93F0-D1F00C2BA2DE}.Release|Mixed Platforms.ActiveCfg = Release|Any CPU
		{E69BE55D-1BCF-4958-93F0-D1F00C2BA2DE}.Release|Mixed Platforms.Build.0 = Release|Any CPU
		{E69BE55D-1BCF-4958-93F0-D1F00C2BA2DE}.Release|Win32.ActiveCfg = Release|Any CPU
		{E69BE55D-1BCF-4958-93F0-D1F00C2BA2DE}.Release|x64.ActiveCfg = Release|x64
		{E69BE55D-1BCF-4958-93F0-D1F00C2BA2DE}.Release|x64.Build.0 = Release|x64
		{E69BE55D-1BCF-4958-93F0-D1F00C2BA2DE}.Release|x86.ActiveCfg = Release|x64
		{E69BE55D-1BCF-4958-93F0-D1F00C2BA2DE}.sanctionedBuildDebug|Any CPU.ActiveCfg = Debug|Any CPU
		{E69BE55D-1BCF-4958-93F0-D1F00C2BA2DE}.sanctionedBuildDebug|Any CPU.Build.0 = Debug|Any CPU
		{E69BE55D-1BCF-4958-93F0-D1F00C2BA2DE}.sanctionedBuildDebug|Mixed Platforms.ActiveCfg = Debug|Any CPU
		{E69BE55D-1BCF-4958-93F0-D1F00C2BA2DE}.sanctionedBuildDebug|Mixed Platforms.Build.0 = Debug|Any CPU
		{E69BE55D-1BCF-4958-93F0-D1F00C2BA2DE}.sanctionedBuildDebug|Win32.ActiveCfg = Debug|Any CPU
		{E69BE55D-1BCF-4958-93F0-D1F00C2BA2DE}.sanctionedBuildDebug|x64.ActiveCfg = Debug|x64
		{E69BE55D-1BCF-4958-93F0-D1F00C2BA2DE}.sanctionedBuildDebug|x64.Build.0 = Debug|x64
		{E69BE55D-1BCF-4958-93F0-D1F00C2BA2DE}.sanctionedBuildDebug|x86.ActiveCfg = Debug|x64
		{10613802-A371-4C27-8F66-CE79BFCAC3F2}.Debug|Any CPU.ActiveCfg = Debug|Any CPU
		{10613802-A371-4C27-8F66-CE79BFCAC3F2}.Debug|Any CPU.Build.0 = Debug|Any CPU
		{10613802-A371-4C27-8F66-CE79BFCAC3F2}.Debug|Mixed Platforms.ActiveCfg = Debug|Any CPU
		{10613802-A371-4C27-8F66-CE79BFCAC3F2}.Debug|Mixed Platforms.Build.0 = Debug|Any CPU
		{10613802-A371-4C27-8F66-CE79BFCAC3F2}.Debug|Win32.ActiveCfg = Debug|Any CPU
		{10613802-A371-4C27-8F66-CE79BFCAC3F2}.Debug|x64.ActiveCfg = Debug|x64
		{10613802-A371-4C27-8F66-CE79BFCAC3F2}.Debug|x64.Build.0 = Debug|x64
		{10613802-A371-4C27-8F66-CE79BFCAC3F2}.Debug|x86.ActiveCfg = Debug|x64
		{10613802-A371-4C27-8F66-CE79BFCAC3F2}.Release|Any CPU.ActiveCfg = Release|Any CPU
		{10613802-A371-4C27-8F66-CE79BFCAC3F2}.Release|Any CPU.Build.0 = Release|Any CPU
		{10613802-A371-4C27-8F66-CE79BFCAC3F2}.Release|Mixed Platforms.ActiveCfg = Release|Any CPU
		{10613802-A371-4C27-8F66-CE79BFCAC3F2}.Release|Mixed Platforms.Build.0 = Release|Any CPU
		{10613802-A371-4C27-8F66-CE79BFCAC3F2}.Release|Win32.ActiveCfg = Release|Any CPU
		{10613802-A371-4C27-8F66-CE79BFCAC3F2}.Release|x64.ActiveCfg = Release|x64
		{10613802-A371-4C27-8F66-CE79BFCAC3F2}.Release|x64.Build.0 = Release|x64
		{10613802-A371-4C27-8F66-CE79BFCAC3F2}.Release|x86.ActiveCfg = Release|x64
		{10613802-A371-4C27-8F66-CE79BFCAC3F2}.sanctionedBuildDebug|Any CPU.ActiveCfg = Debug|Any CPU
		{10613802-A371-4C27-8F66-CE79BFCAC3F2}.sanctionedBuildDebug|Any CPU.Build.0 = Debug|Any CPU
		{10613802-A371-4C27-8F66-CE79BFCAC3F2}.sanctionedBuildDebug|Mixed Platforms.ActiveCfg = Debug|Any CPU
		{10613802-A371-4C27-8F66-CE79BFCAC3F2}.sanctionedBuildDebug|Mixed Platforms.Build.0 = Debug|Any CPU
		{10613802-A371-4C27-8F66-CE79BFCAC3F2}.sanctionedBuildDebug|Win32.ActiveCfg = Debug|Any CPU
		{10613802-A371-4C27-8F66-CE79BFCAC3F2}.sanctionedBuildDebug|x64.ActiveCfg = Debug|x64
		{10613802-A371-4C27-8F66-CE79BFCAC3F2}.sanctionedBuildDebug|x64.Build.0 = Debug|x64
		{10613802-A371-4C27-8F66-CE79BFCAC3F2}.sanctionedBuildDebug|x86.ActiveCfg = Debug|x64
		{97F9965D-6B3D-44F6-92B3-5880A3C7178E}.Debug|Any CPU.ActiveCfg = Debug|Any CPU
		{97F9965D-6B3D-44F6-92B3-5880A3C7178E}.Debug|Any CPU.Build.0 = Debug|Any CPU
		{97F9965D-6B3D-44F6-92B3-5880A3C7178E}.Debug|Mixed Platforms.ActiveCfg = Debug|Any CPU
		{97F9965D-6B3D-44F6-92B3-5880A3C7178E}.Debug|Mixed Platforms.Build.0 = Debug|Any CPU
		{97F9965D-6B3D-44F6-92B3-5880A3C7178E}.Debug|Win32.ActiveCfg = Debug|Any CPU
		{97F9965D-6B3D-44F6-92B3-5880A3C7178E}.Debug|x64.ActiveCfg = Debug|x64
		{97F9965D-6B3D-44F6-92B3-5880A3C7178E}.Debug|x64.Build.0 = Debug|x64
		{97F9965D-6B3D-44F6-92B3-5880A3C7178E}.Debug|x86.ActiveCfg = Debug|x64
		{97F9965D-6B3D-44F6-92B3-5880A3C7178E}.Release|Any CPU.ActiveCfg = Release|Any CPU
		{97F9965D-6B3D-44F6-92B3-5880A3C7178E}.Release|Any CPU.Build.0 = Release|Any CPU
		{97F9965D-6B3D-44F6-92B3-5880A3C7178E}.Release|Mixed Platforms.ActiveCfg = Release|Any CPU
		{97F9965D-6B3D-44F6-92B3-5880A3C7178E}.Release|Mixed Platforms.Build.0 = Release|Any CPU
		{97F9965D-6B3D-44F6-92B3-5880A3C7178E}.Release|Win32.ActiveCfg = Release|Any CPU
		{97F9965D-6B3D-44F6-92B3-5880A3C7178E}.Release|x64.ActiveCfg = Release|x64
		{97F9965D-6B3D-44F6-92B3-5880A3C7178E}.Release|x64.Build.0 = Release|x64
		{97F9965D-6B3D-44F6-92B3-5880A3C7178E}.Release|x86.ActiveCfg = Release|x64
		{97F9965D-6B3D-44F6-92B3-5880A3C7178E}.sanctionedBuildDebug|Any CPU.ActiveCfg = Debug|Any CPU
		{97F9965D-6B3D-44F6-92B3-5880A3C7178E}.sanctionedBuildDebug|Any CPU.Build.0 = Debug|Any CPU
		{97F9965D-6B3D-44F6-92B3-5880A3C7178E}.sanctionedBuildDebug|Mixed Platforms.ActiveCfg = Debug|Any CPU
		{97F9965D-6B3D-44F6-92B3-5880A3C7178E}.sanctionedBuildDebug|Mixed Platforms.Build.0 = Debug|Any CPU
		{97F9965D-6B3D-44F6-92B3-5880A3C7178E}.sanctionedBuildDebug|Win32.ActiveCfg = Debug|Any CPU
		{97F9965D-6B3D-44F6-92B3-5880A3C7178E}.sanctionedBuildDebug|x64.ActiveCfg = Debug|x64
		{97F9965D-6B3D-44F6-92B3-5880A3C7178E}.sanctionedBuildDebug|x64.Build.0 = Debug|x64
		{97F9965D-6B3D-44F6-92B3-5880A3C7178E}.sanctionedBuildDebug|x86.ActiveCfg = Debug|x64
		{5055633B-6D1C-488D-B934-1AC482C915F7}.Debug|Any CPU.ActiveCfg = Debug|Any CPU
		{5055633B-6D1C-488D-B934-1AC482C915F7}.Debug|Any CPU.Build.0 = Debug|Any CPU
		{5055633B-6D1C-488D-B934-1AC482C915F7}.Debug|Mixed Platforms.ActiveCfg = Debug|Any CPU
		{5055633B-6D1C-488D-B934-1AC482C915F7}.Debug|Mixed Platforms.Build.0 = Debug|Any CPU
		{5055633B-6D1C-488D-B934-1AC482C915F7}.Debug|Win32.ActiveCfg = Debug|Any CPU
		{5055633B-6D1C-488D-B934-1AC482C915F7}.Debug|x64.ActiveCfg = Debug|x64
		{5055633B-6D1C-488D-B934-1AC482C915F7}.Debug|x64.Build.0 = Debug|x64
		{5055633B-6D1C-488D-B934-1AC482C915F7}.Debug|x86.ActiveCfg = Debug|x64
		{5055633B-6D1C-488D-B934-1AC482C915F7}.Release|Any CPU.ActiveCfg = Release|Any CPU
		{5055633B-6D1C-488D-B934-1AC482C915F7}.Release|Any CPU.Build.0 = Release|Any CPU
		{5055633B-6D1C-488D-B934-1AC482C915F7}.Release|Mixed Platforms.ActiveCfg = Release|Any CPU
		{5055633B-6D1C-488D-B934-1AC482C915F7}.Release|Mixed Platforms.Build.0 = Release|Any CPU
		{5055633B-6D1C-488D-B934-1AC482C915F7}.Release|Win32.ActiveCfg = Release|Any CPU
		{5055633B-6D1C-488D-B934-1AC482C915F7}.Release|x64.ActiveCfg = Release|x64
		{5055633B-6D1C-488D-B934-1AC482C915F7}.Release|x64.Build.0 = Release|x64
		{5055633B-6D1C-488D-B934-1AC482C915F7}.Release|x86.ActiveCfg = Release|x64
		{5055633B-6D1C-488D-B934-1AC482C915F7}.sanctionedBuildDebug|Any CPU.ActiveCfg = Debug|Any CPU
		{5055633B-6D1C-488D-B934-1AC482C915F7}.sanctionedBuildDebug|Any CPU.Build.0 = Debug|Any CPU
		{5055633B-6D1C-488D-B934-1AC482C915F7}.sanctionedBuildDebug|Mixed Platforms.ActiveCfg = Debug|Any CPU
		{5055633B-6D1C-488D-B934-1AC482C915F7}.sanctionedBuildDebug|Mixed Platforms.Build.0 = Debug|Any CPU
		{5055633B-6D1C-488D-B934-1AC482C915F7}.sanctionedBuildDebug|Win32.ActiveCfg = Debug|Any CPU
		{5055633B-6D1C-488D-B934-1AC482C915F7}.sanctionedBuildDebug|x64.ActiveCfg = Debug|x64
		{5055633B-6D1C-488D-B934-1AC482C915F7}.sanctionedBuildDebug|x64.Build.0 = Debug|x64
		{5055633B-6D1C-488D-B934-1AC482C915F7}.sanctionedBuildDebug|x86.ActiveCfg = Debug|x64
		{4C4235E5-DF5B-4C7A-91C3-1C3CDACF57D5}.Debug|Any CPU.ActiveCfg = Debug|Any CPU
		{4C4235E5-DF5B-4C7A-91C3-1C3CDACF57D5}.Debug|Any CPU.Build.0 = Debug|Any CPU
		{4C4235E5-DF5B-4C7A-91C3-1C3CDACF57D5}.Debug|Mixed Platforms.ActiveCfg = Debug|Any CPU
		{4C4235E5-DF5B-4C7A-91C3-1C3CDACF57D5}.Debug|Mixed Platforms.Build.0 = Debug|Any CPU
		{4C4235E5-DF5B-4C7A-91C3-1C3CDACF57D5}.Debug|Win32.ActiveCfg = Debug|Any CPU
		{4C4235E5-DF5B-4C7A-91C3-1C3CDACF57D5}.Debug|x64.ActiveCfg = Debug|x64
		{4C4235E5-DF5B-4C7A-91C3-1C3CDACF57D5}.Debug|x64.Build.0 = Debug|x64
		{4C4235E5-DF5B-4C7A-91C3-1C3CDACF57D5}.Debug|x86.ActiveCfg = Debug|x64
		{4C4235E5-DF5B-4C7A-91C3-1C3CDACF57D5}.Release|Any CPU.ActiveCfg = Release|Any CPU
		{4C4235E5-DF5B-4C7A-91C3-1C3CDACF57D5}.Release|Any CPU.Build.0 = Release|Any CPU
		{4C4235E5-DF5B-4C7A-91C3-1C3CDACF57D5}.Release|Mixed Platforms.ActiveCfg = Release|Any CPU
		{4C4235E5-DF5B-4C7A-91C3-1C3CDACF57D5}.Release|Mixed Platforms.Build.0 = Release|Any CPU
		{4C4235E5-DF5B-4C7A-91C3-1C3CDACF57D5}.Release|Win32.ActiveCfg = Release|Any CPU
		{4C4235E5-DF5B-4C7A-91C3-1C3CDACF57D5}.Release|x64.ActiveCfg = Release|x64
		{4C4235E5-DF5B-4C7A-91C3-1C3CDACF57D5}.Release|x64.Build.0 = Release|x64
		{4C4235E5-DF5B-4C7A-91C3-1C3CDACF57D5}.Release|x86.ActiveCfg = Release|x64
		{4C4235E5-DF5B-4C7A-91C3-1C3CDACF57D5}.sanctionedBuildDebug|Any CPU.ActiveCfg = Debug|Any CPU
		{4C4235E5-DF5B-4C7A-91C3-1C3CDACF57D5}.sanctionedBuildDebug|Any CPU.Build.0 = Debug|Any CPU
		{4C4235E5-DF5B-4C7A-91C3-1C3CDACF57D5}.sanctionedBuildDebug|Mixed Platforms.ActiveCfg = Debug|Any CPU
		{4C4235E5-DF5B-4C7A-91C3-1C3CDACF57D5}.sanctionedBuildDebug|Mixed Platforms.Build.0 = Debug|Any CPU
		{4C4235E5-DF5B-4C7A-91C3-1C3CDACF57D5}.sanctionedBuildDebug|Win32.ActiveCfg = Debug|Any CPU
		{4C4235E5-DF5B-4C7A-91C3-1C3CDACF57D5}.sanctionedBuildDebug|x64.ActiveCfg = Debug|x64
		{4C4235E5-DF5B-4C7A-91C3-1C3CDACF57D5}.sanctionedBuildDebug|x64.Build.0 = Debug|x64
		{4C4235E5-DF5B-4C7A-91C3-1C3CDACF57D5}.sanctionedBuildDebug|x86.ActiveCfg = Debug|x64
		{FF9597E3-A4DD-4FDE-871D-B0C66088762F}.Debug|Any CPU.ActiveCfg = Debug|Any CPU
		{FF9597E3-A4DD-4FDE-871D-B0C66088762F}.Debug|Any CPU.Build.0 = Debug|Any CPU
		{FF9597E3-A4DD-4FDE-871D-B0C66088762F}.Debug|Mixed Platforms.ActiveCfg = Debug|Any CPU
		{FF9597E3-A4DD-4FDE-871D-B0C66088762F}.Debug|Mixed Platforms.Build.0 = Debug|Any CPU
		{FF9597E3-A4DD-4FDE-871D-B0C66088762F}.Debug|Win32.ActiveCfg = Debug|Any CPU
		{FF9597E3-A4DD-4FDE-871D-B0C66088762F}.Debug|x64.ActiveCfg = Debug|x64
		{FF9597E3-A4DD-4FDE-871D-B0C66088762F}.Debug|x64.Build.0 = Debug|x64
		{FF9597E3-A4DD-4FDE-871D-B0C66088762F}.Debug|x86.ActiveCfg = Debug|x64
		{FF9597E3-A4DD-4FDE-871D-B0C66088762F}.Release|Any CPU.ActiveCfg = Release|Any CPU
		{FF9597E3-A4DD-4FDE-871D-B0C66088762F}.Release|Any CPU.Build.0 = Release|Any CPU
		{FF9597E3-A4DD-4FDE-871D-B0C66088762F}.Release|Mixed Platforms.ActiveCfg = Release|Any CPU
		{FF9597E3-A4DD-4FDE-871D-B0C66088762F}.Release|Mixed Platforms.Build.0 = Release|Any CPU
		{FF9597E3-A4DD-4FDE-871D-B0C66088762F}.Release|Win32.ActiveCfg = Release|Any CPU
		{FF9597E3-A4DD-4FDE-871D-B0C66088762F}.Release|x64.ActiveCfg = Release|x64
		{FF9597E3-A4DD-4FDE-871D-B0C66088762F}.Release|x64.Build.0 = Release|x64
		{FF9597E3-A4DD-4FDE-871D-B0C66088762F}.Release|x86.ActiveCfg = Release|x64
		{FF9597E3-A4DD-4FDE-871D-B0C66088762F}.sanctionedBuildDebug|Any CPU.ActiveCfg = Debug|Any CPU
		{FF9597E3-A4DD-4FDE-871D-B0C66088762F}.sanctionedBuildDebug|Any CPU.Build.0 = Debug|Any CPU
		{FF9597E3-A4DD-4FDE-871D-B0C66088762F}.sanctionedBuildDebug|Mixed Platforms.ActiveCfg = Debug|Any CPU
		{FF9597E3-A4DD-4FDE-871D-B0C66088762F}.sanctionedBuildDebug|Mixed Platforms.Build.0 = Debug|Any CPU
		{FF9597E3-A4DD-4FDE-871D-B0C66088762F}.sanctionedBuildDebug|Win32.ActiveCfg = Debug|Any CPU
		{FF9597E3-A4DD-4FDE-871D-B0C66088762F}.sanctionedBuildDebug|x64.ActiveCfg = Debug|x64
		{FF9597E3-A4DD-4FDE-871D-B0C66088762F}.sanctionedBuildDebug|x64.Build.0 = Debug|x64
		{FF9597E3-A4DD-4FDE-871D-B0C66088762F}.sanctionedBuildDebug|x86.ActiveCfg = Debug|x64
		{1B99F0C4-B241-45C7-BFAF-2009D0664901}.Debug|Any CPU.ActiveCfg = Debug|Any CPU
		{1B99F0C4-B241-45C7-BFAF-2009D0664901}.Debug|Any CPU.Build.0 = Debug|Any CPU
		{1B99F0C4-B241-45C7-BFAF-2009D0664901}.Debug|Mixed Platforms.ActiveCfg = Debug|x64
		{1B99F0C4-B241-45C7-BFAF-2009D0664901}.Debug|Mixed Platforms.Build.0 = Debug|x64
		{1B99F0C4-B241-45C7-BFAF-2009D0664901}.Debug|Win32.ActiveCfg = Debug|x64
		{1B99F0C4-B241-45C7-BFAF-2009D0664901}.Debug|x64.ActiveCfg = Debug|x64
		{1B99F0C4-B241-45C7-BFAF-2009D0664901}.Debug|x64.Build.0 = Debug|x64
		{1B99F0C4-B241-45C7-BFAF-2009D0664901}.Debug|x86.ActiveCfg = Debug|x64
		{1B99F0C4-B241-45C7-BFAF-2009D0664901}.Release|Any CPU.ActiveCfg = Release|Any CPU
		{1B99F0C4-B241-45C7-BFAF-2009D0664901}.Release|Any CPU.Build.0 = Release|Any CPU
		{1B99F0C4-B241-45C7-BFAF-2009D0664901}.Release|Mixed Platforms.ActiveCfg = Release|x64
		{1B99F0C4-B241-45C7-BFAF-2009D0664901}.Release|Mixed Platforms.Build.0 = Release|x64
		{1B99F0C4-B241-45C7-BFAF-2009D0664901}.Release|Win32.ActiveCfg = Release|x64
		{1B99F0C4-B241-45C7-BFAF-2009D0664901}.Release|x64.ActiveCfg = Release|x64
		{1B99F0C4-B241-45C7-BFAF-2009D0664901}.Release|x64.Build.0 = Release|x64
		{1B99F0C4-B241-45C7-BFAF-2009D0664901}.Release|x86.ActiveCfg = Release|x64
		{1B99F0C4-B241-45C7-BFAF-2009D0664901}.sanctionedBuildDebug|Any CPU.ActiveCfg = Debug|Any CPU
		{1B99F0C4-B241-45C7-BFAF-2009D0664901}.sanctionedBuildDebug|Any CPU.Build.0 = Debug|Any CPU
		{1B99F0C4-B241-45C7-BFAF-2009D0664901}.sanctionedBuildDebug|Mixed Platforms.ActiveCfg = Debug|x64
		{1B99F0C4-B241-45C7-BFAF-2009D0664901}.sanctionedBuildDebug|Mixed Platforms.Build.0 = Debug|x64
		{1B99F0C4-B241-45C7-BFAF-2009D0664901}.sanctionedBuildDebug|Win32.ActiveCfg = Debug|x64
		{1B99F0C4-B241-45C7-BFAF-2009D0664901}.sanctionedBuildDebug|x64.ActiveCfg = Debug|x64
		{1B99F0C4-B241-45C7-BFAF-2009D0664901}.sanctionedBuildDebug|x64.Build.0 = Debug|x64
		{1B99F0C4-B241-45C7-BFAF-2009D0664901}.sanctionedBuildDebug|x86.ActiveCfg = Debug|x64
	EndGlobalSection
	GlobalSection(SolutionProperties) = preSolution
		HideSolutionNode = FALSE
	EndGlobalSection
	GlobalSection(NestedProjects) = preSolution
		{796727E8-3A6A-46BE-A2DB-584A4774CD51} = {DB2F0277-D3DB-45BA-8B62-944E1B04175B}
		{CBD094FB-719C-4CA4-ABE5-08AA26EAE34A} = {DB2F0277-D3DB-45BA-8B62-944E1B04175B}
		{9EFAA401-B5D1-4592-A2FF-0972C776FF6A} = {DB2F0277-D3DB-45BA-8B62-944E1B04175B}
		{E01351F3-2E8B-4A28-8D96-C591A7ED10DE} = {DB2F0277-D3DB-45BA-8B62-944E1B04175B}
		{86DB53F0-AE67-49F8-BABC-3BCC008F9BEA} = {DB2F0277-D3DB-45BA-8B62-944E1B04175B}
		{62BE558C-FDC4-48E3-93DB-15DD0EA695DF} = {6EC3B882-4C39-42B7-A8DB-59CDE849CD2D}
		{9462282E-A3D8-4192-885C-891E778D9A3F} = {DB2F0277-D3DB-45BA-8B62-944E1B04175B}
		{1E0FB5D4-5792-4E98-BA2A-FAB7FD26C1B6} = {DB2F0277-D3DB-45BA-8B62-944E1B04175B}
		{CC86BCBD-04DB-4151-8705-9EB8FB1FCA47} = {DB2F0277-D3DB-45BA-8B62-944E1B04175B}
		{29CFC13C-1D6C-4FE8-B56E-A5E7BA7F849F} = {DB2F0277-D3DB-45BA-8B62-944E1B04175B}
		{028E234C-10E7-401F-9A35-0EF3BED05E65} = {DB2F0277-D3DB-45BA-8B62-944E1B04175B}
		{64BE2358-E700-4909-8665-8B10E2626691} = {DB2F0277-D3DB-45BA-8B62-944E1B04175B}
		{9D51841C-4400-4BB4-95C9-15A8E6C14B38} = {DB2F0277-D3DB-45BA-8B62-944E1B04175B}
		{0DDB5AAF-C707-4F65-9000-659A24504D36} = {DB2F0277-D3DB-45BA-8B62-944E1B04175B}
		{E69BE55D-1BCF-4958-93F0-D1F00C2BA2DE} = {DB2F0277-D3DB-45BA-8B62-944E1B04175B}
		{4C4235E5-DF5B-4C7A-91C3-1C3CDACF57D5} = {DB2F0277-D3DB-45BA-8B62-944E1B04175B}
		{FF9597E3-A4DD-4FDE-871D-B0C66088762F} = {0990975E-61ED-4178-88C7-4E965F7B1409}
		{1B99F0C4-B241-45C7-BFAF-2009D0664901} = {6EC3B882-4C39-42B7-A8DB-59CDE849CD2D}
	EndGlobalSection
EndGlobal
